
Microsoft Visual Studio Solution File, Format Version 12.00
# Visual Studio Version 16
VisualStudioVersion = 16.0.30011.22
MinimumVisualStudioVersion = 10.0.40219.1
Project("{FAE04EC0-301F-11D3-BF4B-00C04F79EFBC}") = "Problema Mutante", "Problema Mutante\Problema Mutante.csproj", "{10415661-A5DB-416D-BE33-936906D6E2F9}"
EndProject
Global
	GlobalSection(SolutionConfigurationPlatforms) = preSolution
		Debug|Any CPU = Debug|Any CPU
		Release|Any CPU = Release|Any CPU
	EndGlobalSection
	GlobalSection(ProjectConfigurationPlatforms) = postSolution
		{10415661-A5DB-416D-BE33-936906D6E2F9}.Debug|Any CPU.ActiveCfg = Debug|Any CPU
		{10415661-A5DB-416D-BE33-936906D6E2F9}.Debug|Any CPU.Build.0 = Debug|Any CPU
		{10415661-A5DB-416D-BE33-936906D6E2F9}.Release|Any CPU.ActiveCfg = Release|Any CPU
		{10415661-A5DB-416D-BE33-936906D6E2F9}.Release|Any CPU.Build.0 = Release|Any CPU
	EndGlobalSection
	GlobalSection(SolutionProperties) = preSolution
		HideSolutionNode = FALSE
	EndGlobalSection
	GlobalSection(ExtensibilityGlobals) = postSolution
		SolutionGuid = {047C72D9-8B69-47CB-8EA4-A44E95A776DC}
	EndGlobalSection
EndGlobal
